
Microsoft Visual Studio Solution File, Format Version 12.00
# Visual Studio Version 16
VisualStudioVersion = 16.0.30128.74
MinimumVisualStudioVersion = 10.0.40219.1
Project("{FAE04EC0-301F-11D3-BF4B-00C04F79EFBC}") = "SportsStore.Domain", "SportsStore.Domain\SportsStore.Domain.csproj", "{7C57267E-CFD1-4EFE-9D98-23463CFF378C}"
EndProject
Project("{FAE04EC0-301F-11D3-BF4B-00C04F79EFBC}") = "SportsStore.UnitTests", "SportsStore.UnitTests\SportsStore.UnitTests.csproj", "{40829D9A-9541-4E33-A0C1-F9B2891AC53C}"
EndProject
Project("{FAE04EC0-301F-11D3-BF4B-00C04F79EFBC}") = "SportsStore.WebUI", "SportsStore.WebUI\SportsStore.WebUI.csproj", "{46BCF714-8A03-47D4-8DD2-4A17AE81D9DF}"
EndProject
Global
	GlobalSection(SolutionConfigurationPlatforms) = preSolution
		Debug|Any CPU = Debug|Any CPU
		Release|Any CPU = Release|Any CPU
	EndGlobalSection
	GlobalSection(ProjectConfigurationPlatforms) = postSolution
		{7C57267E-CFD1-4EFE-9D98-23463CFF378C}.Debug|Any CPU.ActiveCfg = Debug|Any CPU
		{7C57267E-CFD1-4EFE-9D98-23463CFF378C}.Debug|Any CPU.Build.0 = Debug|Any CPU
		{7C57267E-CFD1-4EFE-9D98-23463CFF378C}.Release|Any CPU.ActiveCfg = Release|Any CPU
		{7C57267E-CFD1-4EFE-9D98-23463CFF378C}.Release|Any CPU.Build.0 = Release|Any CPU
		{40829D9A-9541-4E33-A0C1-F9B2891AC53C}.Debug|Any CPU.ActiveCfg = Debug|Any CPU
		{40829D9A-9541-4E33-A0C1-F9B2891AC53C}.Debug|Any CPU.Build.0 = Debug|Any CPU
		{40829D9A-9541-4E33-A0C1-F9B2891AC53C}.Release|Any CPU.ActiveCfg = Release|Any CPU
		{40829D9A-9541-4E33-A0C1-F9B2891AC53C}.Release|Any CPU.Build.0 = Release|Any CPU
		{46BCF714-8A03-47D4-8DD2-4A17AE81D9DF}.Debug|Any CPU.ActiveCfg = Debug|Any CPU
		{46BCF714-8A03-47D4-8DD2-4A17AE81D9DF}.Debug|Any CPU.Build.0 = Debug|Any CPU
		{46BCF714-8A03-47D4-8DD2-4A17AE81D9DF}.Release|Any CPU.ActiveCfg = Release|Any CPU
		{46BCF714-8A03-47D4-8DD2-4A17AE81D9DF}.Release|Any CPU.Build.0 = Release|Any CPU
	EndGlobalSection
	GlobalSection(SolutionProperties) = preSolution
		HideSolutionNode = FALSE
	EndGlobalSection
	GlobalSection(ExtensibilityGlobals) = postSolution
		SolutionGuid = {1B382CD7-F2C4-4FE1-B4A8-30F1419228F0}
	EndGlobalSection
EndGlobal
